
Microsoft Visual Studio Solution File, Format Version 12.00
# Visual Studio Version 17
VisualStudioVersion = 17.3.32901.215
MinimumVisualStudioVersion = 10.0.40219.1
Project("{FAE04EC0-301F-11D3-BF4B-00C04F79EFBC}") = "WebApi", "WebApi.csproj", "{B17D2E80-7F9B-4928-9B07-7FC7A6F373E7}"
EndProject
Global
	GlobalSection(SolutionConfigurationPlatforms) = preSolution
		Debug|Any CPU = Debug|Any CPU
		Release|Any CPU = Release|Any CPU
	EndGlobalSection
	GlobalSection(ProjectConfigurationPlatforms) = postSolution
		{B17D2E80-7F9B-4928-9B07-7FC7A6F373E7}.Debug|Any CPU.ActiveCfg = Debug|Any CPU
		{B17D2E80-7F9B-4928-9B07-7FC7A6F373E7}.Debug|Any CPU.Build.0 = Debug|Any CPU
		{B17D2E80-7F9B-4928-9B07-7FC7A6F373E7}.Release|Any CPU.ActiveCfg = Release|Any CPU
		{B17D2E80-7F9B-4928-9B07-7FC7A6F373E7}.Release|Any CPU.Build.0 = Release|Any CPU
	EndGlobalSection
	GlobalSection(SolutionProperties) = preSolution
		HideSolutionNode = FALSE
	EndGlobalSection
	GlobalSection(ExtensibilityGlobals) = postSolution
		SolutionGuid = {926E9214-F969-49DB-AD19-6C304944E038}
	EndGlobalSection
EndGlobal
